
Microsoft Visual Studio Solution File, Format Version 12.00
Project("{FAE04EC0-301F-11D3-BF4B-00C04F79EFBC}") = "JsonFormatter", "src\JsonFormatter\JsonFormatter.csproj", "{209C7721-A62C-43A8-95CB-095601A35212}"
EndProject
Global
	GlobalSection(SolutionConfigurationPlatforms) = preSolution
		Debug|Any CPU = Debug|Any CPU
		Release|Any CPU = Release|Any CPU
	EndGlobalSection
	GlobalSection(ProjectConfigurationPlatforms) = postSolution
		{209C7721-A62C-43A8-95CB-095601A35212}.Debug|Any CPU.ActiveCfg = Debug|Any CPU
		{209C7721-A62C-43A8-95CB-095601A35212}.Debug|Any CPU.Build.0 = Debug|Any CPU
		{209C7721-A62C-43A8-95CB-095601A35212}.Release|Any CPU.ActiveCfg = Release|Any CPU
		{209C7721-A62C-43A8-95CB-095601A35212}.Release|Any CPU.Build.0 = Release|Any CPU
	EndGlobalSection
EndGlobal
